
Microsoft Visual Studio Solution File, Format Version 12.00
# Visual Studio Version 16
VisualStudioVersion = 16.0.31729.503
MinimumVisualStudioVersion = 10.0.40219.1
Project("{9A19103F-16F7-4668-BE54-9A1E7A4F7556}") = "FlightSearchService", "FlightSearchService\FlightSearchService.csproj", "{F08B1FEA-0605-40B4-8DA6-B8F11E31BBFA}"
EndProject
Project("{9A19103F-16F7-4668-BE54-9A1E7A4F7556}") = "FlightBookService", "FlightBookService\FlightBookService.csproj", "{F5D266EA-AEF4-4538-A9E9-A7E688BCBFAB}"
EndProject
Project("{9A19103F-16F7-4668-BE54-9A1E7A4F7556}") = "Common", "Common\Common.csproj", "{9BDA0E9A-BED2-4185-B183-49EFE90D5DB5}"
EndProject
Project("{9A19103F-16F7-4668-BE54-9A1E7A4F7556}") = "FlightInventoryService", "FlightInventoryService\FlightInventoryService.csproj", "{38CCAC80-B5B4-4679-88D2-09550176EF1B}"
EndProject
Project("{9A19103F-16F7-4668-BE54-9A1E7A4F7556}") = "FlightBookingAPIGateway", "FlightBookingAPIGateway\FlightBookingAPIGateway.csproj", "{B0F6B850-68E1-4AF1-90CD-6B7C5F052A8F}"
EndProject
Global
	GlobalSection(SolutionConfigurationPlatforms) = preSolution
		Debug|Any CPU = Debug|Any CPU
		Release|Any CPU = Release|Any CPU
	EndGlobalSection
	GlobalSection(ProjectConfigurationPlatforms) = postSolution
		{F08B1FEA-0605-40B4-8DA6-B8F11E31BBFA}.Debug|Any CPU.ActiveCfg = Debug|Any CPU
		{F08B1FEA-0605-40B4-8DA6-B8F11E31BBFA}.Debug|Any CPU.Build.0 = Debug|Any CPU
		{F08B1FEA-0605-40B4-8DA6-B8F11E31BBFA}.Release|Any CPU.ActiveCfg = Release|Any CPU
		{F08B1FEA-0605-40B4-8DA6-B8F11E31BBFA}.Release|Any CPU.Build.0 = Release|Any CPU
		{F5D266EA-AEF4-4538-A9E9-A7E688BCBFAB}.Debug|Any CPU.ActiveCfg = Debug|Any CPU
		{F5D266EA-AEF4-4538-A9E9-A7E688BCBFAB}.Debug|Any CPU.Build.0 = Debug|Any CPU
		{F5D266EA-AEF4-4538-A9E9-A7E688BCBFAB}.Release|Any CPU.ActiveCfg = Release|Any CPU
		{F5D266EA-AEF4-4538-A9E9-A7E688BCBFAB}.Release|Any CPU.Build.0 = Release|Any CPU
		{9BDA0E9A-BED2-4185-B183-49EFE90D5DB5}.Debug|Any CPU.ActiveCfg = Debug|Any CPU
		{9BDA0E9A-BED2-4185-B183-49EFE90D5DB5}.Debug|Any CPU.Build.0 = Debug|Any CPU
		{9BDA0E9A-BED2-4185-B183-49EFE90D5DB5}.Release|Any CPU.ActiveCfg = Release|Any CPU
		{9BDA0E9A-BED2-4185-B183-49EFE90D5DB5}.Release|Any CPU.Build.0 = Release|Any CPU
		{38CCAC80-B5B4-4679-88D2-09550176EF1B}.Debug|Any CPU.ActiveCfg = Debug|Any CPU
		{38CCAC80-B5B4-4679-88D2-09550176EF1B}.Debug|Any CPU.Build.0 = Debug|Any CPU
		{38CCAC80-B5B4-4679-88D2-09550176EF1B}.Release|Any CPU.ActiveCfg = Release|Any CPU
		{38CCAC80-B5B4-4679-88D2-09550176EF1B}.Release|Any CPU.Build.0 = Release|Any CPU
		{B0F6B850-68E1-4AF1-90CD-6B7C5F052A8F}.Debug|Any CPU.ActiveCfg = Debug|Any CPU
		{B0F6B850-68E1-4AF1-90CD-6B7C5F052A8F}.Debug|Any CPU.Build.0 = Debug|Any CPU
		{B0F6B850-68E1-4AF1-90CD-6B7C5F052A8F}.Release|Any CPU.ActiveCfg = Release|Any CPU
		{B0F6B850-68E1-4AF1-90CD-6B7C5F052A8F}.Release|Any CPU.Build.0 = Release|Any CPU
	EndGlobalSection
	GlobalSection(SolutionProperties) = preSolution
		HideSolutionNode = FALSE
	EndGlobalSection
	GlobalSection(ExtensibilityGlobals) = postSolution
		SolutionGuid = {34B461D0-ED0C-414F-AD2A-3A82D48A122B}
	EndGlobalSection
EndGlobal
